Microsoft Visual Studio Solution File, Format Version 12.00
# Visual Studio Version 17
VisualStudioVersion = 17.5.2.0
MinimumVisualStudioVersion = 10.0.40219.1
Project("{FAE04EC0-301F-11D3-BF4B-00C04F79EFBC}") = "AMLService", "AMLService.csproj", "{8936CF78-1D2E-0D16-0F64-725FEEE73B3A}"
EndProject
Global
	GlobalSection(SolutionConfigurationPlatforms) = preSolution
		Debug|Any CPU = Debug|Any CPU
		Release|Any CPU = Release|Any CPU
	EndGlobalSection
	GlobalSection(ProjectConfigurationPlatforms) = postSolution
		{8936CF78-1D2E-0D16-0F64-725FEEE73B3A}.Debug|Any CPU.ActiveCfg = Debug|Any CPU
		{8936CF78-1D2E-0D16-0F64-725FEEE73B3A}.Debug|Any CPU.Build.0 = Debug|Any CPU
		{8936CF78-1D2E-0D16-0F64-725FEEE73B3A}.Release|Any CPU.ActiveCfg = Release|Any CPU
		{8936CF78-1D2E-0D16-0F64-725FEEE73B3A}.Release|Any CPU.Build.0 = Release|Any CPU
	EndGlobalSection
	GlobalSection(SolutionProperties) = preSolution
		HideSolutionNode = FALSE
	EndGlobalSection
	GlobalSection(ExtensibilityGlobals) = postSolution
		SolutionGuid = {E1F6B1B5-C468-4DC6-B582-2167209B37A7}
	EndGlobalSection
EndGlobal
